
Microsoft Visual Studio Solution File, Format Version 10.00
# Visual Studio 2008
Project("{FAE04EC0-301F-11D3-BF4B-00C04F79EFBC}") = "UniqueStudio.PL.Engine", "UniqueStudio.PL.Engine\UniqueStudio.PL.Engine.csproj", "{D7B98571-076B-42D1-916E-204D46DD9958}"
EndProject
Project("{FAE04EC0-301F-11D3-BF4B-00C04F79EFBC}") = "UniqueStudio.HttpControlLayer", "UniqueStudio.HttpControlLayer\UniqueStudio.HttpControlLayer.csproj", "{8210A6F7-8301-4B2A-8218-BCCFA48DA96C}"
EndProject
Project("{FAE04EC0-301F-11D3-BF4B-00C04F79EFBC}") = "UniqueStudio.ApiLayer", "UniqueStudio.ApiLayer\UniqueStudio.ApiLayer.csproj", "{272E320A-1660-4F32-AC04-A6BFD47EF1DF}"
EndProject
Project("{FAE04EC0-301F-11D3-BF4B-00C04F79EFBC}") = "UniqueStudio.Common", "UniqueStudio.Common\UniqueStudio.Common.csproj", "{B9EC7556-3B7A-4357-920B-94EE1313FF95}"
EndProject
Project("{FAE04EC0-301F-11D3-BF4B-00C04F79EFBC}") = "UniqueStudio.ComContent", "UniqueStudio.ComContent\UniqueStudio.ComContent.csproj", "{3CB902B2-D40A-4263-AB02-E95A63E71BA3}"
EndProject
Project("{FAE04EC0-301F-11D3-BF4B-00C04F79EFBC}") = "UniqueStudio.Admin", "UniqueStudio.Admin\UniqueStudio.Admin.csproj", "{DBD763B9-F7E1-4E38-8718-9981BD7BF66D}"
EndProject
Project("{FAE04EC0-301F-11D3-BF4B-00C04F79EFBC}") = "UniqueStudio.CGE", "UniqueStudio.CGE\UniqueStudio.CGE.csproj", "{522567A4-DBFA-483C-B6E9-A60A1C79CF4A}"
EndProject
Project("{FAE04EC0-301F-11D3-BF4B-00C04F79EFBC}") = "UniqueStudio.ModPostList", "UniqueStudio.ModPostList\UniqueStudio.ModPostList.csproj", "{7F407FB3-164F-4E97-A57E-24E70E5ED444}"
EndProject
Project("{FAE04EC0-301F-11D3-BF4B-00C04F79EFBC}") = "UniqueStudio.Core", "UniqueStudio.Core\UniqueStudio.Core.csproj", "{F9D2C679-CD07-49AA-BD9C-B28F6BB14F20}"
EndProject
Project("{FAE04EC0-301F-11D3-BF4B-00C04F79EFBC}") = "UniqueStudio.Controls", "UniqueStudio.Controls\UniqueStudio.Controls.csproj", "{36639990-A168-422C-9BF6-1D10373DDE78}"
EndProject
Project("{FAE04EC0-301F-11D3-BF4B-00C04F79EFBC}") = "UniqueStudio.ExtraTools", "UniqueStudio.ExtraTools\UniqueStudio.ExtraTools.csproj", "{BCE1CC80-FD5B-4C7B-AA48-D1FE3E72AEAF}"
EndProject
Project("{FAE04EC0-301F-11D3-BF4B-00C04F79EFBC}") = "UniqueStudio.PlugInPictureNews", "UniqueStudio.PlugInPictureNews\UniqueStudio.PlugInPictureNews.csproj", "{5B94B327-7DCA-4753-82E0-29548EEFECB2}"
EndProject
Project("{FAE04EC0-301F-11D3-BF4B-00C04F79EFBC}") = "UniqueStudio.ModFriendlyLink", "UniqueStudio.ModFriendlyLink\UniqueStudio.ModFriendlyLink.csproj", "{514A010F-D08E-46AF-9452-32A43B579170}"
EndProject
Project("{FAE04EC0-301F-11D3-BF4B-00C04F79EFBC}") = "UniqueStudio.ComCalendar", "UniqueStudio.ComCalendar\UniqueStudio.ComCalendar.csproj", "{BA0CB377-0B09-48A9-8628-DA1AFC4B80E9}"
EndProject
Project("{FAE04EC0-301F-11D3-BF4B-00C04F79EFBC}") = "UniqueStudio.ModPostStat", "UniqueStudio.ModPostStat\UniqueStudio.ModPostStat.csproj", "{16CA0E0F-82FE-4758-AD12-85CB586F0772}"
EndProject
Global
	GlobalSection(SolutionConfigurationPlatforms) = preSolution
		Debug|Any CPU = Debug|Any CPU
		Release|Any CPU = Release|Any CPU
	EndGlobalSection
	GlobalSection(ProjectConfigurationPlatforms) = postSolution
		{D7B98571-076B-42D1-916E-204D46DD9958}.Debug|Any CPU.ActiveCfg = Debug|Any CPU
		{D7B98571-076B-42D1-916E-204D46DD9958}.Debug|Any CPU.Build.0 = Debug|Any CPU
		{D7B98571-076B-42D1-916E-204D46DD9958}.Release|Any CPU.ActiveCfg = Release|Any CPU
		{D7B98571-076B-42D1-916E-204D46DD9958}.Release|Any CPU.Build.0 = Release|Any CPU
		{8210A6F7-8301-4B2A-8218-BCCFA48DA96C}.Debug|Any CPU.ActiveCfg = Debug|Any CPU
		{8210A6F7-8301-4B2A-8218-BCCFA48DA96C}.Debug|Any CPU.Build.0 = Debug|Any CPU
		{8210A6F7-8301-4B2A-8218-BCCFA48DA96C}.Release|Any CPU.ActiveCfg = Release|Any CPU
		{8210A6F7-8301-4B2A-8218-BCCFA48DA96C}.Release|Any CPU.Build.0 = Release|Any CPU
		{272E320A-1660-4F32-AC04-A6BFD47EF1DF}.Debug|Any CPU.ActiveCfg = Debug|Any CPU
		{272E320A-1660-4F32-AC04-A6BFD47EF1DF}.Debug|Any CPU.Build.0 = Debug|Any CPU
		{272E320A-1660-4F32-AC04-A6BFD47EF1DF}.Release|Any CPU.ActiveCfg = Release|Any CPU
		{272E320A-1660-4F32-AC04-A6BFD47EF1DF}.Release|Any CPU.Build.0 = Release|Any CPU
		{B9EC7556-3B7A-4357-920B-94EE1313FF95}.Debug|Any CPU.ActiveCfg = Debug|Any CPU
		{B9EC7556-3B7A-4357-920B-94EE1313FF95}.Debug|Any CPU.Build.0 = Debug|Any CPU
		{B9EC7556-3B7A-4357-920B-94EE1313FF95}.Release|Any CPU.ActiveCfg = Release|Any CPU
		{B9EC7556-3B7A-4357-920B-94EE1313FF95}.Release|Any CPU.Build.0 = Release|Any CPU
		{3CB902B2-D40A-4263-AB02-E95A63E71BA3}.Debug|Any CPU.ActiveCfg = Debug|Any CPU
		{3CB902B2-D40A-4263-AB02-E95A63E71BA3}.Debug|Any CPU.Build.0 = Debug|Any CPU
		{3CB902B2-D40A-4263-AB02-E95A63E71BA3}.Release|Any CPU.ActiveCfg = Release|Any CPU
		{3CB902B2-D40A-4263-AB02-E95A63E71BA3}.Release|Any CPU.Build.0 = Release|Any CPU
		{DBD763B9-F7E1-4E38-8718-9981BD7BF66D}.Debug|Any CPU.ActiveCfg = Debug|Any CPU
		{DBD763B9-F7E1-4E38-8718-9981BD7BF66D}.Debug|Any CPU.Build.0 = Debug|Any CPU
		{DBD763B9-F7E1-4E38-8718-9981BD7BF66D}.Release|Any CPU.ActiveCfg = Release|Any CPU
		{DBD763B9-F7E1-4E38-8718-9981BD7BF66D}.Release|Any CPU.Build.0 = Release|Any CPU
		{522567A4-DBFA-483C-B6E9-A60A1C79CF4A}.Debug|Any CPU.ActiveCfg = Debug|Any CPU
		{522567A4-DBFA-483C-B6E9-A60A1C79CF4A}.Debug|Any CPU.Build.0 = Debug|Any CPU
		{522567A4-DBFA-483C-B6E9-A60A1C79CF4A}.Release|Any CPU.ActiveCfg = Release|Any CPU
		{522567A4-DBFA-483C-B6E9-A60A1C79CF4A}.Release|Any CPU.Build.0 = Release|Any CPU
		{7F407FB3-164F-4E97-A57E-24E70E5ED444}.Debug|Any CPU.ActiveCfg = Debug|Any CPU
		{7F407FB3-164F-4E97-A57E-24E70E5ED444}.Debug|Any CPU.Build.0 = Debug|Any CPU
		{7F407FB3-164F-4E97-A57E-24E70E5ED444}.Release|Any CPU.ActiveCfg = Release|Any CPU
		{7F407FB3-164F-4E97-A57E-24E70E5ED444}.Release|Any CPU.Build.0 = Release|Any CPU
		{F9D2C679-CD07-49AA-BD9C-B28F6BB14F20}.Debug|Any CPU.ActiveCfg = Debug|Any CPU
		{F9D2C679-CD07-49AA-BD9C-B28F6BB14F20}.Debug|Any CPU.Build.0 = Debug|Any CPU
		{F9D2C679-CD07-49AA-BD9C-B28F6BB14F20}.Release|Any CPU.ActiveCfg = Release|Any CPU
		{F9D2C679-CD07-49AA-BD9C-B28F6BB14F20}.Release|Any CPU.Build.0 = Release|Any CPU
		{36639990-A168-422C-9BF6-1D10373DDE78}.Debug|Any CPU.ActiveCfg = Debug|Any CPU
		{36639990-A168-422C-9BF6-1D10373DDE78}.Debug|Any CPU.Build.0 = Debug|Any CPU
		{36639990-A168-422C-9BF6-1D10373DDE78}.Release|Any CPU.ActiveCfg = Release|Any CPU
		{36639990-A168-422C-9BF6-1D10373DDE78}.Release|Any CPU.Build.0 = Release|Any CPU
		{BCE1CC80-FD5B-4C7B-AA48-D1FE3E72AEAF}.Debug|Any CPU.ActiveCfg = Debug|Any CPU
		{BCE1CC80-FD5B-4C7B-AA48-D1FE3E72AEAF}.Debug|Any CPU.Build.0 = Debug|Any CPU
		{BCE1CC80-FD5B-4C7B-AA48-D1FE3E72AEAF}.Release|Any CPU.ActiveCfg = Release|Any CPU
		{BCE1CC80-FD5B-4C7B-AA48-D1FE3E72AEAF}.Release|Any CPU.Build.0 = Release|Any CPU
		{5B94B327-7DCA-4753-82E0-29548EEFECB2}.Debug|Any CPU.ActiveCfg = Debug|Any CPU
		{5B94B327-7DCA-4753-82E0-29548EEFECB2}.Debug|Any CPU.Build.0 = Debug|Any CPU
		{5B94B327-7DCA-4753-82E0-29548EEFECB2}.Release|Any CPU.ActiveCfg = Release|Any CPU
		{5B94B327-7DCA-4753-82E0-29548EEFECB2}.Release|Any CPU.Build.0 = Release|Any CPU
		{514A010F-D08E-46AF-9452-32A43B579170}.Debug|Any CPU.ActiveCfg = Debug|Any CPU
		{514A010F-D08E-46AF-9452-32A43B579170}.Debug|Any CPU.Build.0 = Debug|Any CPU
		{514A010F-D08E-46AF-9452-32A43B579170}.Release|Any CPU.ActiveCfg = Release|Any CPU
		{514A010F-D08E-46AF-9452-32A43B579170}.Release|Any CPU.Build.0 = Release|Any CPU
		{BA0CB377-0B09-48A9-8628-DA1AFC4B80E9}.Debug|Any CPU.ActiveCfg = Debug|Any CPU
		{BA0CB377-0B09-48A9-8628-DA1AFC4B80E9}.Debug|Any CPU.Build.0 = Debug|Any CPU
		{BA0CB377-0B09-48A9-8628-DA1AFC4B80E9}.Release|Any CPU.ActiveCfg = Release|Any CPU
		{BA0CB377-0B09-48A9-8628-DA1AFC4B80E9}.Release|Any CPU.Build.0 = Release|Any CPU
		{16CA0E0F-82FE-4758-AD12-85CB586F0772}.Debug|Any CPU.ActiveCfg = Debug|Any CPU
		{16CA0E0F-82FE-4758-AD12-85CB586F0772}.Debug|Any CPU.Build.0 = Debug|Any CPU
		{16CA0E0F-82FE-4758-AD12-85CB586F0772}.Release|Any CPU.ActiveCfg = Release|Any CPU
		{16CA0E0F-82FE-4758-AD12-85CB586F0772}.Release|Any CPU.Build.0 = Release|Any CPU
	EndGlobalSection
	GlobalSection(SolutionProperties) = preSolution
		HideSolutionNode = FALSE
	EndGlobalSection
EndGlobal
